
Microsoft Visual Studio Solution File, Format Version 12.00
# Visual Studio Version 17
VisualStudioVersion = 17.6.33829.357
MinimumVisualStudioVersion = 10.0.40219.1
Project("{FAE04EC0-301F-11D3-BF4B-00C04F79EFBC}") = "AspNetCoreIdentityApp.Web", "AspNetCoreIdentityApp.Web\AspNetCoreIdentityApp.Web.csproj", "{54D637F3-B57A-46AF-BD3A-95B9A47C7B3E}"
EndProject
Global
	GlobalSection(SolutionConfigurationPlatforms) = preSolution
		Debug|Any CPU = Debug|Any CPU
		Release|Any CPU = Release|Any CPU
	EndGlobalSection
	GlobalSection(ProjectConfigurationPlatforms) = postSolution
		{54D637F3-B57A-46AF-BD3A-95B9A47C7B3E}.Debug|Any CPU.ActiveCfg = Debug|Any CPU
		{54D637F3-B57A-46AF-BD3A-95B9A47C7B3E}.Debug|Any CPU.Build.0 = Debug|Any CPU
		{54D637F3-B57A-46AF-BD3A-95B9A47C7B3E}.Release|Any CPU.ActiveCfg = Release|Any CPU
		{54D637F3-B57A-46AF-BD3A-95B9A47C7B3E}.Release|Any CPU.Build.0 = Release|Any CPU
	EndGlobalSection
	GlobalSection(SolutionProperties) = preSolution
		HideSolutionNode = FALSE
	EndGlobalSection
	GlobalSection(ExtensibilityGlobals) = postSolution
		SolutionGuid = {D8AECA63-43B9-4022-87E6-A179554E8BBB}
	EndGlobalSection
EndGlobal
